{
  "requires": true,
  "lockfileVersion": 1,
  "dependencies": {
    "cordova-plugin-console": {
      "version": "1.0.7",
      "resolved": "https://registry.npmjs.org/cordova-plugin-console/-/cordova-plugin-console-1.0.7.tgz",
      "integrity": "sha1-ibepLtHDNYiN/ADZAtxBcgHPOws=",
      "dev": true
    },
    "cordova-plugin-dialogs": {
      "version": "1.2.1",
      "resolved": "https://registry.npmjs.org/cordova-plugin-dialogs/-/cordova-plugin-dialogs-1.2.1.tgz",
      "integrity": "sha1-dDvIrwB2oQp29VbFE0ClMBY9MVM=",
      "dev": true
    },
    "cordova-plugin-whitelist": {
      "version": "1.2.2",
      "resolved": "https://registry.npmjs.org/cordova-plugin-whitelist/-/cordova-plugin-whitelist-1.2.2.tgz",
      "integrity": "sha1-CFk/yVeIViCdQ3t2yLBHUp8Z9iM=",
      "dev": true
    },
    "phonegap-plugin-push": {
      "version": "1.8.4",
      "resolved": "https://registry.npmjs.org/phonegap-plugin-push/-/phonegap-plugin-push-1.8.4.tgz",
      "integrity": "sha1-sGH+NaXrwvy+WWgYtladgdpmWqE=",
      "dev": true
    }
  }
}
